
Microsoft Visual Studio Solution File, Format Version 12.00
# Visual Studio Version 17
VisualStudioVersion = 17.4.33213.308
MinimumVisualStudioVersion = 10.0.40219.1
Project("{FAE04EC0-301F-11D3-BF4B-00C04F79EFBC}") = "AsyncAwait原理", "AsyncAwait原理\AsyncAwait原理.csproj", "{BE88B196-4EA1-459A-A1B0-5AB6E8FD8921}"
EndProject
Global
	GlobalSection(SolutionConfigurationPlatforms) = preSolution
		Debug|Any CPU = Debug|Any CPU
		Release|Any CPU = Release|Any CPU
	EndGlobalSection
	GlobalSection(ProjectConfigurationPlatforms) = postSolution
		{BE88B196-4EA1-459A-A1B0-5AB6E8FD8921}.Debug|Any CPU.ActiveCfg = Debug|Any CPU
		{BE88B196-4EA1-459A-A1B0-5AB6E8FD8921}.Debug|Any CPU.Build.0 = Debug|Any CPU
		{BE88B196-4EA1-459A-A1B0-5AB6E8FD8921}.Release|Any CPU.ActiveCfg = Release|Any CPU
		{BE88B196-4EA1-459A-A1B0-5AB6E8FD8921}.Release|Any CPU.Build.0 = Release|Any CPU
	EndGlobalSection
	GlobalSection(SolutionProperties) = preSolution
		HideSolutionNode = FALSE
	EndGlobalSection
	GlobalSection(ExtensibilityGlobals) = postSolution
		SolutionGuid = {63584A99-F288-4C86-A047-948DCA8B6E60}
	EndGlobalSection
EndGlobal
