
Microsoft Visual Studio Solution File, Format Version 12.00
# Visual Studio Version 17
VisualStudioVersion = 17.4.33213.308
MinimumVisualStudioVersion = 10.0.40219.1
Project("{9A19103F-16F7-4668-BE54-9A1E7A4F7556}") = "AsyncAwait原理", "AsyncAwait原理\AsyncAwait原理.csproj", "{BE88B196-4EA1-459A-A1B0-5AB6E8FD8921}"
EndProject
Project("{9A19103F-16F7-4668-BE54-9A1E7A4F7556}") = "异步方法不等于多线程", "异步方法不等于多线程\异步方法不等于多线程.csproj", "{F2F9944E-1441-4760-9A01-7D196CF38572}"
EndProject
Project("{9A19103F-16F7-4668-BE54-9A1E7A4F7556}") = "线程切换", "线程切换\线程切换.csproj", "{F2C308BA-3D8F-448C-B70A-A3CD9A6DBF8E}"
EndProject
Project("{9A19103F-16F7-4668-BE54-9A1E7A4F7556}") = "取消令牌", "取消令牌\取消令牌.csproj", "{ACC02442-512F-4B6F-B286-E5A001F4FFA4}"
EndProject
Project("{9A19103F-16F7-4668-BE54-9A1E7A4F7556}") = "WhenAll", "WhenAll\WhenAll.csproj", "{7349C6DA-A0C6-43CF-9FD0-BF10B660F58F}"
EndProject
Project("{2150E333-8FDC-42A3-9474-1A3956D46DE8}") = "异步", "异步", "{711865E9-9563-4458-B517-4FF403923A2D}"
EndProject
Project("{9A19103F-16F7-4668-BE54-9A1E7A4F7556}") = "委托", "委托\委托.csproj", "{5AC2AAF7-615A-4604-8F92-335973ED9A2A}"
EndProject
Project("{9A19103F-16F7-4668-BE54-9A1E7A4F7556}") = "Lambda表达式", "Lambda表达式\Lambda表达式.csproj", "{AAE8B6E5-9FF0-4661-9825-5062D9418B87}"
EndProject
Project("{9A19103F-16F7-4668-BE54-9A1E7A4F7556}") = "Linq", "Linq\Linq.csproj", "{86590557-6E70-4C88-A54A-EF175DE67387}"
EndProject
Project("{2150E333-8FDC-42A3-9474-1A3956D46DE8}") = "Linq原理", "Linq原理", "{03254B19-F5A0-47E6-9528-062FA43CC6D4}"
EndProject
Project("{FAE04EC0-301F-11D3-BF4B-00C04F79EFBC}") = "Linq查询语法", "Linq查询语法\Linq查询语法.csproj", "{5C94CDDD-F95E-41FF-A9C7-E820C531B7A9}"
EndProject
Global
	GlobalSection(SolutionConfigurationPlatforms) = preSolution
		Debug|Any CPU = Debug|Any CPU
		Release|Any CPU = Release|Any CPU
	EndGlobalSection
	GlobalSection(ProjectConfigurationPlatforms) = postSolution
		{BE88B196-4EA1-459A-A1B0-5AB6E8FD8921}.Debug|Any CPU.ActiveCfg = Debug|Any CPU
		{BE88B196-4EA1-459A-A1B0-5AB6E8FD8921}.Debug|Any CPU.Build.0 = Debug|Any CPU
		{BE88B196-4EA1-459A-A1B0-5AB6E8FD8921}.Release|Any CPU.ActiveCfg = Release|Any CPU
		{BE88B196-4EA1-459A-A1B0-5AB6E8FD8921}.Release|Any CPU.Build.0 = Release|Any CPU
		{F2F9944E-1441-4760-9A01-7D196CF38572}.Debug|Any CPU.ActiveCfg = Debug|Any CPU
		{F2F9944E-1441-4760-9A01-7D196CF38572}.Debug|Any CPU.Build.0 = Debug|Any CPU
		{F2F9944E-1441-4760-9A01-7D196CF38572}.Release|Any CPU.ActiveCfg = Release|Any CPU
		{F2F9944E-1441-4760-9A01-7D196CF38572}.Release|Any CPU.Build.0 = Release|Any CPU
		{F2C308BA-3D8F-448C-B70A-A3CD9A6DBF8E}.Debug|Any CPU.ActiveCfg = Debug|Any CPU
		{F2C308BA-3D8F-448C-B70A-A3CD9A6DBF8E}.Debug|Any CPU.Build.0 = Debug|Any CPU
		{F2C308BA-3D8F-448C-B70A-A3CD9A6DBF8E}.Release|Any CPU.ActiveCfg = Release|Any CPU
		{F2C308BA-3D8F-448C-B70A-A3CD9A6DBF8E}.Release|Any CPU.Build.0 = Release|Any CPU
		{ACC02442-512F-4B6F-B286-E5A001F4FFA4}.Debug|Any CPU.ActiveCfg = Debug|Any CPU
		{ACC02442-512F-4B6F-B286-E5A001F4FFA4}.Debug|Any CPU.Build.0 = Debug|Any CPU
		{ACC02442-512F-4B6F-B286-E5A001F4FFA4}.Release|Any CPU.ActiveCfg = Release|Any CPU
		{ACC02442-512F-4B6F-B286-E5A001F4FFA4}.Release|Any CPU.Build.0 = Release|Any CPU
		{7349C6DA-A0C6-43CF-9FD0-BF10B660F58F}.Debug|Any CPU.ActiveCfg = Debug|Any CPU
		{7349C6DA-A0C6-43CF-9FD0-BF10B660F58F}.Debug|Any CPU.Build.0 = Debug|Any CPU
		{7349C6DA-A0C6-43CF-9FD0-BF10B660F58F}.Release|Any CPU.ActiveCfg = Release|Any CPU
		{7349C6DA-A0C6-43CF-9FD0-BF10B660F58F}.Release|Any CPU.Build.0 = Release|Any CPU
		{5AC2AAF7-615A-4604-8F92-335973ED9A2A}.Debug|Any CPU.ActiveCfg = Debug|Any CPU
		{5AC2AAF7-615A-4604-8F92-335973ED9A2A}.Debug|Any CPU.Build.0 = Debug|Any CPU
		{5AC2AAF7-615A-4604-8F92-335973ED9A2A}.Release|Any CPU.ActiveCfg = Release|Any CPU
		{5AC2AAF7-615A-4604-8F92-335973ED9A2A}.Release|Any CPU.Build.0 = Release|Any CPU
		{AAE8B6E5-9FF0-4661-9825-5062D9418B87}.Debug|Any CPU.ActiveCfg = Debug|Any CPU
		{AAE8B6E5-9FF0-4661-9825-5062D9418B87}.Debug|Any CPU.Build.0 = Debug|Any CPU
		{AAE8B6E5-9FF0-4661-9825-5062D9418B87}.Release|Any CPU.ActiveCfg = Release|Any CPU
		{AAE8B6E5-9FF0-4661-9825-5062D9418B87}.Release|Any CPU.Build.0 = Release|Any CPU
		{86590557-6E70-4C88-A54A-EF175DE67387}.Debug|Any CPU.ActiveCfg = Debug|Any CPU
		{86590557-6E70-4C88-A54A-EF175DE67387}.Debug|Any CPU.Build.0 = Debug|Any CPU
		{86590557-6E70-4C88-A54A-EF175DE67387}.Release|Any CPU.ActiveCfg = Release|Any CPU
		{86590557-6E70-4C88-A54A-EF175DE67387}.Release|Any CPU.Build.0 = Release|Any CPU
		{5C94CDDD-F95E-41FF-A9C7-E820C531B7A9}.Debug|Any CPU.ActiveCfg = Debug|Any CPU
		{5C94CDDD-F95E-41FF-A9C7-E820C531B7A9}.Debug|Any CPU.Build.0 = Debug|Any CPU
		{5C94CDDD-F95E-41FF-A9C7-E820C531B7A9}.Release|Any CPU.ActiveCfg = Release|Any CPU
		{5C94CDDD-F95E-41FF-A9C7-E820C531B7A9}.Release|Any CPU.Build.0 = Release|Any CPU
	EndGlobalSection
	GlobalSection(SolutionProperties) = preSolution
		HideSolutionNode = FALSE
	EndGlobalSection
	GlobalSection(NestedProjects) = preSolution
		{BE88B196-4EA1-459A-A1B0-5AB6E8FD8921} = {711865E9-9563-4458-B517-4FF403923A2D}
		{F2F9944E-1441-4760-9A01-7D196CF38572} = {711865E9-9563-4458-B517-4FF403923A2D}
		{F2C308BA-3D8F-448C-B70A-A3CD9A6DBF8E} = {711865E9-9563-4458-B517-4FF403923A2D}
		{ACC02442-512F-4B6F-B286-E5A001F4FFA4} = {711865E9-9563-4458-B517-4FF403923A2D}
		{7349C6DA-A0C6-43CF-9FD0-BF10B660F58F} = {711865E9-9563-4458-B517-4FF403923A2D}
		{5AC2AAF7-615A-4604-8F92-335973ED9A2A} = {03254B19-F5A0-47E6-9528-062FA43CC6D4}
		{AAE8B6E5-9FF0-4661-9825-5062D9418B87} = {03254B19-F5A0-47E6-9528-062FA43CC6D4}
		{86590557-6E70-4C88-A54A-EF175DE67387} = {03254B19-F5A0-47E6-9528-062FA43CC6D4}
		{5C94CDDD-F95E-41FF-A9C7-E820C531B7A9} = {03254B19-F5A0-47E6-9528-062FA43CC6D4}
	EndGlobalSection
	GlobalSection(ExtensibilityGlobals) = postSolution
		SolutionGuid = {63584A99-F288-4C86-A047-948DCA8B6E60}
	EndGlobalSection
EndGlobal
