
Microsoft Visual Studio Solution File, Format Version 12.00
# Visual Studio Version 17
VisualStudioVersion = 17.4.33213.308
MinimumVisualStudioVersion = 10.0.40219.1
Project("{9A19103F-16F7-4668-BE54-9A1E7A4F7556}") = "AsyncAwait原理", "AsyncAwait原理\AsyncAwait原理.csproj", "{BE88B196-4EA1-459A-A1B0-5AB6E8FD8921}"
EndProject
Project("{9A19103F-16F7-4668-BE54-9A1E7A4F7556}") = "异步方法不等于多线程", "异步方法不等于多线程\异步方法不等于多线程.csproj", "{F2F9944E-1441-4760-9A01-7D196CF38572}"
EndProject
Project("{9A19103F-16F7-4668-BE54-9A1E7A4F7556}") = "线程切换", "线程切换\线程切换.csproj", "{F2C308BA-3D8F-448C-B70A-A3CD9A6DBF8E}"
EndProject
Project("{9A19103F-16F7-4668-BE54-9A1E7A4F7556}") = "取消令牌", "取消令牌\取消令牌.csproj", "{ACC02442-512F-4B6F-B286-E5A001F4FFA4}"
EndProject
Project("{9A19103F-16F7-4668-BE54-9A1E7A4F7556}") = "WhenAll", "WhenAll\WhenAll.csproj", "{7349C6DA-A0C6-43CF-9FD0-BF10B660F58F}"
EndProject
Project("{2150E333-8FDC-42A3-9474-1A3956D46DE8}") = "异步", "异步", "{711865E9-9563-4458-B517-4FF403923A2D}"
EndProject
Project("{9A19103F-16F7-4668-BE54-9A1E7A4F7556}") = "委托", "委托\委托.csproj", "{5AC2AAF7-615A-4604-8F92-335973ED9A2A}"
EndProject
Project("{9A19103F-16F7-4668-BE54-9A1E7A4F7556}") = "Lambda表达式", "Lambda表达式\Lambda表达式.csproj", "{AAE8B6E5-9FF0-4661-9825-5062D9418B87}"
EndProject
Project("{9A19103F-16F7-4668-BE54-9A1E7A4F7556}") = "Linq", "Linq\Linq.csproj", "{86590557-6E70-4C88-A54A-EF175DE67387}"
EndProject
Project("{2150E333-8FDC-42A3-9474-1A3956D46DE8}") = "Linq原理", "Linq原理", "{03254B19-F5A0-47E6-9528-062FA43CC6D4}"
EndProject
Project("{9A19103F-16F7-4668-BE54-9A1E7A4F7556}") = "Linq查询语法", "Linq查询语法\Linq查询语法.csproj", "{5C94CDDD-F95E-41FF-A9C7-E820C531B7A9}"
EndProject
Project("{9A19103F-16F7-4668-BE54-9A1E7A4F7556}") = "依赖注入1", "依赖注入1\依赖注入1.csproj", "{E3EBD78D-9066-402D-AF64-676E90BFC86D}"
EndProject
Project("{9A19103F-16F7-4668-BE54-9A1E7A4F7556}") = "依赖注入的传染性", "依赖注入的传染性\依赖注入的传染性.csproj", "{261972E5-EDCF-4F79-9A0A-FE010175E1F7}"
EndProject
Project("{2150E333-8FDC-42A3-9474-1A3956D46DE8}") = "依赖注入", "依赖注入", "{85452D7F-3627-40E2-A2EE-1C4B457DDC1F}"
EndProject
Project("{9A19103F-16F7-4668-BE54-9A1E7A4F7556}") = "EmailSender", "EmailSender\EmailSender.csproj", "{7570B4F3-DAE4-44B2-B786-7331EE1F2A78}"
EndProject
Project("{9A19103F-16F7-4668-BE54-9A1E7A4F7556}") = "LogService", "LogService\LogService.csproj", "{F19CDB70-88D1-48DB-8EFC-9EC5E17C32D4}"
EndProject
Project("{2150E333-8FDC-42A3-9474-1A3956D46DE8}") = "依赖注入实例", "依赖注入实例", "{FB55992F-76B0-4F13-9B33-CCFE2D6768A4}"
EndProject
Project("{9A19103F-16F7-4668-BE54-9A1E7A4F7556}") = "MailService", "MailService\MailService.csproj", "{BDAD8507-BE04-45CE-A72E-1E8F0DE67B03}"
EndProject
Project("{9A19103F-16F7-4668-BE54-9A1E7A4F7556}") = "ConfigService", "ConfigService\ConfigService.csproj", "{B6260EA8-95AC-43F3-A131-4638505C3D21}"
EndProject
Project("{FAE04EC0-301F-11D3-BF4B-00C04F79EFBC}") = "Json配置文件", "Json文件配置\Json配置文件.csproj", "{29886E0C-4F2C-4C6F-8B86-25B458188712}"
EndProject
Project("{2150E333-8FDC-42A3-9474-1A3956D46DE8}") = "Solution Items", "Solution Items", "{60AF691B-09D2-45FE-9469-1FB1E8884F4C}"
	ProjectSection(SolutionItems) = preProject
		.editorconfig = .editorconfig
	EndProjectSection
EndProject
Project("{FAE04EC0-301F-11D3-BF4B-00C04F79EFBC}") = "选项方式读取配置", "选项方式读取配置\选项方式读取配置.csproj", "{C2E5755C-0317-446F-ACF2-4127C802D46F}"
EndProject
Global
	GlobalSection(SolutionConfigurationPlatforms) = preSolution
		Debug|Any CPU = Debug|Any CPU
		Release|Any CPU = Release|Any CPU
	EndGlobalSection
	GlobalSection(ProjectConfigurationPlatforms) = postSolution
		{BE88B196-4EA1-459A-A1B0-5AB6E8FD8921}.Debug|Any CPU.ActiveCfg = Debug|Any CPU
		{BE88B196-4EA1-459A-A1B0-5AB6E8FD8921}.Debug|Any CPU.Build.0 = Debug|Any CPU
		{BE88B196-4EA1-459A-A1B0-5AB6E8FD8921}.Release|Any CPU.ActiveCfg = Release|Any CPU
		{BE88B196-4EA1-459A-A1B0-5AB6E8FD8921}.Release|Any CPU.Build.0 = Release|Any CPU
		{F2F9944E-1441-4760-9A01-7D196CF38572}.Debug|Any CPU.ActiveCfg = Debug|Any CPU
		{F2F9944E-1441-4760-9A01-7D196CF38572}.Debug|Any CPU.Build.0 = Debug|Any CPU
		{F2F9944E-1441-4760-9A01-7D196CF38572}.Release|Any CPU.ActiveCfg = Release|Any CPU
		{F2F9944E-1441-4760-9A01-7D196CF38572}.Release|Any CPU.Build.0 = Release|Any CPU
		{F2C308BA-3D8F-448C-B70A-A3CD9A6DBF8E}.Debug|Any CPU.ActiveCfg = Debug|Any CPU
		{F2C308BA-3D8F-448C-B70A-A3CD9A6DBF8E}.Debug|Any CPU.Build.0 = Debug|Any CPU
		{F2C308BA-3D8F-448C-B70A-A3CD9A6DBF8E}.Release|Any CPU.ActiveCfg = Release|Any CPU
		{F2C308BA-3D8F-448C-B70A-A3CD9A6DBF8E}.Release|Any CPU.Build.0 = Release|Any CPU
		{ACC02442-512F-4B6F-B286-E5A001F4FFA4}.Debug|Any CPU.ActiveCfg = Debug|Any CPU
		{ACC02442-512F-4B6F-B286-E5A001F4FFA4}.Debug|Any CPU.Build.0 = Debug|Any CPU
		{ACC02442-512F-4B6F-B286-E5A001F4FFA4}.Release|Any CPU.ActiveCfg = Release|Any CPU
		{ACC02442-512F-4B6F-B286-E5A001F4FFA4}.Release|Any CPU.Build.0 = Release|Any CPU
		{7349C6DA-A0C6-43CF-9FD0-BF10B660F58F}.Debug|Any CPU.ActiveCfg = Debug|Any CPU
		{7349C6DA-A0C6-43CF-9FD0-BF10B660F58F}.Debug|Any CPU.Build.0 = Debug|Any CPU
		{7349C6DA-A0C6-43CF-9FD0-BF10B660F58F}.Release|Any CPU.ActiveCfg = Release|Any CPU
		{7349C6DA-A0C6-43CF-9FD0-BF10B660F58F}.Release|Any CPU.Build.0 = Release|Any CPU
		{5AC2AAF7-615A-4604-8F92-335973ED9A2A}.Debug|Any CPU.ActiveCfg = Debug|Any CPU
		{5AC2AAF7-615A-4604-8F92-335973ED9A2A}.Debug|Any CPU.Build.0 = Debug|Any CPU
		{5AC2AAF7-615A-4604-8F92-335973ED9A2A}.Release|Any CPU.ActiveCfg = Release|Any CPU
		{5AC2AAF7-615A-4604-8F92-335973ED9A2A}.Release|Any CPU.Build.0 = Release|Any CPU
		{AAE8B6E5-9FF0-4661-9825-5062D9418B87}.Debug|Any CPU.ActiveCfg = Debug|Any CPU
		{AAE8B6E5-9FF0-4661-9825-5062D9418B87}.Debug|Any CPU.Build.0 = Debug|Any CPU
		{AAE8B6E5-9FF0-4661-9825-5062D9418B87}.Release|Any CPU.ActiveCfg = Release|Any CPU
		{AAE8B6E5-9FF0-4661-9825-5062D9418B87}.Release|Any CPU.Build.0 = Release|Any CPU
		{86590557-6E70-4C88-A54A-EF175DE67387}.Debug|Any CPU.ActiveCfg = Debug|Any CPU
		{86590557-6E70-4C88-A54A-EF175DE67387}.Debug|Any CPU.Build.0 = Debug|Any CPU
		{86590557-6E70-4C88-A54A-EF175DE67387}.Release|Any CPU.ActiveCfg = Release|Any CPU
		{86590557-6E70-4C88-A54A-EF175DE67387}.Release|Any CPU.Build.0 = Release|Any CPU
		{5C94CDDD-F95E-41FF-A9C7-E820C531B7A9}.Debug|Any CPU.ActiveCfg = Debug|Any CPU
		{5C94CDDD-F95E-41FF-A9C7-E820C531B7A9}.Debug|Any CPU.Build.0 = Debug|Any CPU
		{5C94CDDD-F95E-41FF-A9C7-E820C531B7A9}.Release|Any CPU.ActiveCfg = Release|Any CPU
		{5C94CDDD-F95E-41FF-A9C7-E820C531B7A9}.Release|Any CPU.Build.0 = Release|Any CPU
		{E3EBD78D-9066-402D-AF64-676E90BFC86D}.Debug|Any CPU.ActiveCfg = Debug|Any CPU
		{E3EBD78D-9066-402D-AF64-676E90BFC86D}.Debug|Any CPU.Build.0 = Debug|Any CPU
		{E3EBD78D-9066-402D-AF64-676E90BFC86D}.Release|Any CPU.ActiveCfg = Release|Any CPU
		{E3EBD78D-9066-402D-AF64-676E90BFC86D}.Release|Any CPU.Build.0 = Release|Any CPU
		{261972E5-EDCF-4F79-9A0A-FE010175E1F7}.Debug|Any CPU.ActiveCfg = Debug|Any CPU
		{261972E5-EDCF-4F79-9A0A-FE010175E1F7}.Debug|Any CPU.Build.0 = Debug|Any CPU
		{261972E5-EDCF-4F79-9A0A-FE010175E1F7}.Release|Any CPU.ActiveCfg = Release|Any CPU
		{261972E5-EDCF-4F79-9A0A-FE010175E1F7}.Release|Any CPU.Build.0 = Release|Any CPU
		{7570B4F3-DAE4-44B2-B786-7331EE1F2A78}.Debug|Any CPU.ActiveCfg = Debug|Any CPU
		{7570B4F3-DAE4-44B2-B786-7331EE1F2A78}.Debug|Any CPU.Build.0 = Debug|Any CPU
		{7570B4F3-DAE4-44B2-B786-7331EE1F2A78}.Release|Any CPU.ActiveCfg = Release|Any CPU
		{7570B4F3-DAE4-44B2-B786-7331EE1F2A78}.Release|Any CPU.Build.0 = Release|Any CPU
		{F19CDB70-88D1-48DB-8EFC-9EC5E17C32D4}.Debug|Any CPU.ActiveCfg = Debug|Any CPU
		{F19CDB70-88D1-48DB-8EFC-9EC5E17C32D4}.Debug|Any CPU.Build.0 = Debug|Any CPU
		{F19CDB70-88D1-48DB-8EFC-9EC5E17C32D4}.Release|Any CPU.ActiveCfg = Release|Any CPU
		{F19CDB70-88D1-48DB-8EFC-9EC5E17C32D4}.Release|Any CPU.Build.0 = Release|Any CPU
		{BDAD8507-BE04-45CE-A72E-1E8F0DE67B03}.Debug|Any CPU.ActiveCfg = Debug|Any CPU
		{BDAD8507-BE04-45CE-A72E-1E8F0DE67B03}.Debug|Any CPU.Build.0 = Debug|Any CPU
		{BDAD8507-BE04-45CE-A72E-1E8F0DE67B03}.Release|Any CPU.ActiveCfg = Release|Any CPU
		{BDAD8507-BE04-45CE-A72E-1E8F0DE67B03}.Release|Any CPU.Build.0 = Release|Any CPU
		{B6260EA8-95AC-43F3-A131-4638505C3D21}.Debug|Any CPU.ActiveCfg = Debug|Any CPU
		{B6260EA8-95AC-43F3-A131-4638505C3D21}.Debug|Any CPU.Build.0 = Debug|Any CPU
		{B6260EA8-95AC-43F3-A131-4638505C3D21}.Release|Any CPU.ActiveCfg = Release|Any CPU
		{B6260EA8-95AC-43F3-A131-4638505C3D21}.Release|Any CPU.Build.0 = Release|Any CPU
		{29886E0C-4F2C-4C6F-8B86-25B458188712}.Debug|Any CPU.ActiveCfg = Debug|Any CPU
		{29886E0C-4F2C-4C6F-8B86-25B458188712}.Debug|Any CPU.Build.0 = Debug|Any CPU
		{29886E0C-4F2C-4C6F-8B86-25B458188712}.Release|Any CPU.ActiveCfg = Release|Any CPU
		{29886E0C-4F2C-4C6F-8B86-25B458188712}.Release|Any CPU.Build.0 = Release|Any CPU
		{C2E5755C-0317-446F-ACF2-4127C802D46F}.Debug|Any CPU.ActiveCfg = Debug|Any CPU
		{C2E5755C-0317-446F-ACF2-4127C802D46F}.Debug|Any CPU.Build.0 = Debug|Any CPU
		{C2E5755C-0317-446F-ACF2-4127C802D46F}.Release|Any CPU.ActiveCfg = Release|Any CPU
		{C2E5755C-0317-446F-ACF2-4127C802D46F}.Release|Any CPU.Build.0 = Release|Any CPU
	EndGlobalSection
	GlobalSection(SolutionProperties) = preSolution
		HideSolutionNode = FALSE
	EndGlobalSection
	GlobalSection(NestedProjects) = preSolution
		{BE88B196-4EA1-459A-A1B0-5AB6E8FD8921} = {711865E9-9563-4458-B517-4FF403923A2D}
		{F2F9944E-1441-4760-9A01-7D196CF38572} = {711865E9-9563-4458-B517-4FF403923A2D}
		{F2C308BA-3D8F-448C-B70A-A3CD9A6DBF8E} = {711865E9-9563-4458-B517-4FF403923A2D}
		{ACC02442-512F-4B6F-B286-E5A001F4FFA4} = {711865E9-9563-4458-B517-4FF403923A2D}
		{7349C6DA-A0C6-43CF-9FD0-BF10B660F58F} = {711865E9-9563-4458-B517-4FF403923A2D}
		{5AC2AAF7-615A-4604-8F92-335973ED9A2A} = {03254B19-F5A0-47E6-9528-062FA43CC6D4}
		{AAE8B6E5-9FF0-4661-9825-5062D9418B87} = {03254B19-F5A0-47E6-9528-062FA43CC6D4}
		{86590557-6E70-4C88-A54A-EF175DE67387} = {03254B19-F5A0-47E6-9528-062FA43CC6D4}
		{5C94CDDD-F95E-41FF-A9C7-E820C531B7A9} = {03254B19-F5A0-47E6-9528-062FA43CC6D4}
		{E3EBD78D-9066-402D-AF64-676E90BFC86D} = {85452D7F-3627-40E2-A2EE-1C4B457DDC1F}
		{261972E5-EDCF-4F79-9A0A-FE010175E1F7} = {85452D7F-3627-40E2-A2EE-1C4B457DDC1F}
		{7570B4F3-DAE4-44B2-B786-7331EE1F2A78} = {FB55992F-76B0-4F13-9B33-CCFE2D6768A4}
		{F19CDB70-88D1-48DB-8EFC-9EC5E17C32D4} = {FB55992F-76B0-4F13-9B33-CCFE2D6768A4}
		{FB55992F-76B0-4F13-9B33-CCFE2D6768A4} = {85452D7F-3627-40E2-A2EE-1C4B457DDC1F}
		{BDAD8507-BE04-45CE-A72E-1E8F0DE67B03} = {FB55992F-76B0-4F13-9B33-CCFE2D6768A4}
		{B6260EA8-95AC-43F3-A131-4638505C3D21} = {FB55992F-76B0-4F13-9B33-CCFE2D6768A4}
	EndGlobalSection
	GlobalSection(ExtensibilityGlobals) = postSolution
		SolutionGuid = {63584A99-F288-4C86-A047-948DCA8B6E60}
	EndGlobalSection
EndGlobal
